
Microsoft Visual Studio Solution File, Format Version 12.00
# Visual Studio Version 16
VisualStudioVersion = 16.0.31515.178
MinimumVisualStudioVersion = 10.0.40219.1
Project("{FAE04EC0-301F-11D3-BF4B-00C04F79EFBC}") = "ConsoleAppTestAkasia", "ConsoleAppTestAkasia\ConsoleAppTestAkasia.csproj", "{0CB48A67-65D8-4A15-9939-18F9568C25BA}"
EndProject
Global
	GlobalSection(SolutionConfigurationPlatforms) = preSolution
		Debug|Any CPU = Debug|Any CPU
		Release|Any CPU = Release|Any CPU
	EndGlobalSection
	GlobalSection(ProjectConfigurationPlatforms) = postSolution
		{0CB48A67-65D8-4A15-9939-18F9568C25BA}.Debug|Any CPU.ActiveCfg = Debug|Any CPU
		{0CB48A67-65D8-4A15-9939-18F9568C25BA}.Debug|Any CPU.Build.0 = Debug|Any CPU
		{0CB48A67-65D8-4A15-9939-18F9568C25BA}.Release|Any CPU.ActiveCfg = Release|Any CPU
		{0CB48A67-65D8-4A15-9939-18F9568C25BA}.Release|Any CPU.Build.0 = Release|Any CPU
	EndGlobalSection
	GlobalSection(SolutionProperties) = preSolution
		HideSolutionNode = FALSE
	EndGlobalSection
	GlobalSection(ExtensibilityGlobals) = postSolution
		SolutionGuid = {56A0A203-028F-43AD-9AC2-17DE9A0C4197}
	EndGlobalSection
EndGlobal
