
Microsoft Visual Studio Solution File, Format Version 12.00
# Visual Studio Version 16
VisualStudioVersion = 16.0.31515.178
MinimumVisualStudioVersion = 10.0.40219.1
Project("{FAE04EC0-301F-11D3-BF4B-00C04F79EFBC}") = "WebAppTestAkasia", "WebAppTestAkasia\WebAppTestAkasia.csproj", "{93570930-91C6-4FB2-B4E0-9849C52D5903}"
EndProject
Global
	GlobalSection(SolutionConfigurationPlatforms) = preSolution
		Debug|Any CPU = Debug|Any CPU
		Release|Any CPU = Release|Any CPU
	EndGlobalSection
	GlobalSection(ProjectConfigurationPlatforms) = postSolution
		{93570930-91C6-4FB2-B4E0-9849C52D5903}.Debug|Any CPU.ActiveCfg = Debug|Any CPU
		{93570930-91C6-4FB2-B4E0-9849C52D5903}.Debug|Any CPU.Build.0 = Debug|Any CPU
		{93570930-91C6-4FB2-B4E0-9849C52D5903}.Release|Any CPU.ActiveCfg = Release|Any CPU
		{93570930-91C6-4FB2-B4E0-9849C52D5903}.Release|Any CPU.Build.0 = Release|Any CPU
	EndGlobalSection
	GlobalSection(SolutionProperties) = preSolution
		HideSolutionNode = FALSE
	EndGlobalSection
	GlobalSection(ExtensibilityGlobals) = postSolution
		SolutionGuid = {6282D6CF-AF51-46B6-9937-701612EC6088}
	EndGlobalSection
EndGlobal
